
Microsoft Visual Studio Solution File, Format Version 12.00
# Visual Studio Version 17
VisualStudioVersion = 17.2.32616.157
MinimumVisualStudioVersion = 10.0.40219.1
Global
	GlobalSection(SolutionConfigurationPlatforms) = preSolution
		Debug|Any CPU = Debug|Any CPU
		Release|Any CPU = Release|Any CPU
	EndGlobalSection
	GlobalSection(ProjectConfigurationPlatforms) = postSolution
<<<<<<< Updated upstream
		{26A62892-15A0-400A-9B75-F341094DF69D}.Debug|Any CPU.ActiveCfg = Debug|Any CPU
		{26A62892-15A0-400A-9B75-F341094DF69D}.Debug|Any CPU.Build.0 = Debug|Any CPU
		{26A62892-15A0-400A-9B75-F341094DF69D}.Release|Any CPU.ActiveCfg = Release|Any CPU
		{26A62892-15A0-400A-9B75-F341094DF69D}.Release|Any CPU.Build.0 = Release|Any CPU
=======
		{4D4B9F11-1BCD-4A79-8F65-0118CCBA1059}.Debug|Any CPU.ActiveCfg = Debug|Any CPU
		{4D4B9F11-1BCD-4A79-8F65-0118CCBA1059}.Debug|Any CPU.Build.0 = Debug|Any CPU
		{4D4B9F11-1BCD-4A79-8F65-0118CCBA1059}.Release|Any CPU.ActiveCfg = Release|Any CPU
		{4D4B9F11-1BCD-4A79-8F65-0118CCBA1059}.Release|Any CPU.Build.0 = Release|Any CPU
>>>>>>> Stashed changes
	EndGlobalSection
	GlobalSection(SolutionConfigurationPlatforms) = preSolution
		Debug|Any CPU = Debug|Any CPU
		Release|Any CPU = Release|Any CPU
	EndGlobalSection
	GlobalSection(ProjectConfigurationPlatforms) = postSolution
		{21A3DD6A-F1C0-4277-BFCB-E4520C99BC7A}.Debug|Any CPU.ActiveCfg = Debug|Any CPU
		{21A3DD6A-F1C0-4277-BFCB-E4520C99BC7A}.Debug|Any CPU.Build.0 = Debug|Any CPU
		{21A3DD6A-F1C0-4277-BFCB-E4520C99BC7A}.Release|Any CPU.ActiveCfg = Release|Any CPU
		{21A3DD6A-F1C0-4277-BFCB-E4520C99BC7A}.Release|Any CPU.Build.0 = Release|Any CPU
	EndGlobalSection
	GlobalSection(SolutionProperties) = preSolution
		HideSolutionNode = FALSE
	EndGlobalSection
	GlobalSection(ExtensibilityGlobals) = postSolution
		SolutionGuid = {9079563E-39AD-43A1-907E-040722AB55DB}
	EndGlobalSection
EndGlobal
